
Microsoft Visual Studio Solution File, Format Version 12.00
# Visual Studio Version 16
VisualStudioVersion = 16.0.28505.50
MinimumVisualStudioVersion = 10.0.40219.1
Project("{FAE04EC0-301F-11D3-BF4B-00C04F79EFBC}") = "WpfApp1", "WpfApp1.csproj", "{6BBFBC78-6027-4D32-9FBB-AB08E6EEB1CF}"
EndProject
Global
	GlobalSection(SolutionConfigurationPlatforms) = preSolution
		Debug|Any CPU = Debug|Any CPU
		Release|Any CPU = Release|Any CPU
	EndGlobalSection
	GlobalSection(ProjectConfigurationPlatforms) = postSolution
		{6BBFBC78-6027-4D32-9FBB-AB08E6EEB1CF}.Debug|Any CPU.ActiveCfg = Debug|Any CPU
		{6BBFBC78-6027-4D32-9FBB-AB08E6EEB1CF}.Debug|Any CPU.Build.0 = Debug|Any CPU
		{6BBFBC78-6027-4D32-9FBB-AB08E6EEB1CF}.Release|Any CPU.ActiveCfg = Release|Any CPU
		{6BBFBC78-6027-4D32-9FBB-AB08E6EEB1CF}.Release|Any CPU.Build.0 = Release|Any CPU
	EndGlobalSection
	GlobalSection(SolutionProperties) = preSolution
		HideSolutionNode = FALSE
	EndGlobalSection
	GlobalSection(ExtensibilityGlobals) = postSolution
		SolutionGuid = {C8B525CC-F682-4FCC-821E-BA54C729E655}
	EndGlobalSection
EndGlobal
