
Microsoft Visual Studio Solution File, Format Version 12.00
# Visual Studio 15
VisualStudioVersion = 15.0.28307.168
MinimumVisualStudioVersion = 10.0.40219.1
Project("{FAE04EC0-301F-11D3-BF4B-00C04F79EFBC}") = "ConsoleApp1", "ConsoleApp1\ConsoleApp1.csproj", "{3B08E420-9D11-486F-A357-CCF6C81BFAB4}"
EndProject
Project("{FAE04EC0-301F-11D3-BF4B-00C04F79EFBC}") = "ClassLibrary1", "ClassLibrary1\ClassLibrary1.csproj", "{5AF36092-94A0-45F5-8A3D-11382459400D}"
EndProject
Project("{FAE04EC0-301F-11D3-BF4B-00C04F79EFBC}") = "ClassLibrary2", "ClassLibrary2\ClassLibrary2.csproj", "{5AF36092-94A0-45F5-8A3D-11382839400D}"
EndProject
Project("{FAE04EC0-301F-11D3-BF4B-00C04F79EFBC}") = "ClassLibrary3", "ClassLibrary3\ClassLibrary3.csproj", "{5AF36092-94A0-56F5-8A3D-11382459400D}"
EndProject
Project("{FAE04EC0-301F-11D3-BF4B-00C04F79EFBC}") = "ClassLibrary4", "ClassLibrary4\ClassLibrary4.csproj", "{DB911B38-1A92-4F01-928D-1064525D2842}"
EndProject
Project("{FAE04EC0-301F-11D3-BF4B-00C04F79EFBC}") = "ConsoleApp2", "ConsoleApp2\ConsoleApp2.csproj", "{3B08E420-9D56-486F-A394-CCF6C81BFAB4}"
EndProject
Global
	GlobalSection(SolutionConfigurationPlatforms) = preSolution
		Debug|Any CPU = Debug|Any CPU
		Release|Any CPU = Release|Any CPU
	EndGlobalSection
	GlobalSection(ProjectConfigurationPlatforms) = postSolution
		{3B08E420-9D11-486F-A357-CCF6C81BFAB4}.Debug|Any CPU.ActiveCfg = Debug|Any CPU
		{3B08E420-9D11-486F-A357-CCF6C81BFAB4}.Debug|Any CPU.Build.0 = Debug|Any CPU
		{3B08E420-9D11-486F-A357-CCF6C81BFAB4}.Release|Any CPU.ActiveCfg = Release|Any CPU
		{3B08E420-9D11-486F-A357-CCF6C81BFAB4}.Release|Any CPU.Build.0 = Release|Any CPU
		{5AF36092-94A0-45F5-8A3D-11382459400D}.Debug|Any CPU.ActiveCfg = Debug|Any CPU
		{5AF36092-94A0-45F5-8A3D-11382459400D}.Debug|Any CPU.Build.0 = Debug|Any CPU
		{5AF36092-94A0-45F5-8A3D-11382459400D}.Release|Any CPU.ActiveCfg = Release|Any CPU
		{5AF36092-94A0-45F5-8A3D-11382459400D}.Release|Any CPU.Build.0 = Release|Any CPU
		{5AF36092-94A0-45F5-8A3D-11382839400D}.Debug|Any CPU.ActiveCfg = Debug|Any CPU
		{5AF36092-94A0-45F5-8A3D-11382839400D}.Debug|Any CPU.Build.0 = Debug|Any CPU
		{5AF36092-94A0-45F5-8A3D-11382839400D}.Release|Any CPU.ActiveCfg = Release|Any CPU
		{5AF36092-94A0-45F5-8A3D-11382839400D}.Release|Any CPU.Build.0 = Release|Any CPU
		{5AF36092-94A0-56F5-8A3D-11382459400D}.Debug|Any CPU.ActiveCfg = Debug|Any CPU
		{5AF36092-94A0-56F5-8A3D-11382459400D}.Debug|Any CPU.Build.0 = Debug|Any CPU
		{5AF36092-94A0-56F5-8A3D-11382459400D}.Release|Any CPU.ActiveCfg = Release|Any CPU
		{5AF36092-94A0-56F5-8A3D-11382459400D}.Release|Any CPU.Build.0 = Release|Any CPU
		{DB911B38-1A92-4F01-928D-1064525D2842}.Debug|Any CPU.ActiveCfg = Debug|Any CPU
		{DB911B38-1A92-4F01-928D-1064525D2842}.Debug|Any CPU.Build.0 = Debug|Any CPU
		{DB911B38-1A92-4F01-928D-1064525D2842}.Release|Any CPU.ActiveCfg = Release|Any CPU
		{DB911B38-1A92-4F01-928D-1064525D2842}.Release|Any CPU.Build.0 = Release|Any CPU
		{3B08E420-9D56-486F-A394-CCF6C81BFAB4}.Debug|Any CPU.ActiveCfg = Debug|Any CPU
		{3B08E420-9D56-486F-A394-CCF6C81BFAB4}.Debug|Any CPU.Build.0 = Debug|Any CPU
		{3B08E420-9D56-486F-A394-CCF6C81BFAB4}.Release|Any CPU.ActiveCfg = Release|Any CPU
		{3B08E420-9D56-486F-A394-CCF6C81BFAB4}.Release|Any CPU.Build.0 = Release|Any CPU
	EndGlobalSection
	GlobalSection(SolutionProperties) = preSolution
		HideSolutionNode = FALSE
	EndGlobalSection
	GlobalSection(ExtensibilityGlobals) = postSolution
		SolutionGuid = {45B3E453-08BC-4E4D-827F-A3F83CC9D93C}
	EndGlobalSection
EndGlobal
