
Microsoft Visual Studio Solution File, Format Version 12.00
# Visual Studio Version 16
VisualStudioVersion = 16.0.28803.156
MinimumVisualStudioVersion = 15.0.26124.0
Project("{9A19103F-16F7-4668-BE54-9A1E7A4F7556}") = "msb", "msb\msb.csproj", "{233250FA-3839-4917-8D5B-04EAE343031D}"
EndProject
Project("{9A19103F-16F7-4668-BE54-9A1E7A4F7556}") = "GraphGen", "GraphGen\GraphGen.csproj", "{FB05702A-0B72-4098-BF89-8CF440FE8E21}"
EndProject
Project("{9A19103F-16F7-4668-BE54-9A1E7A4F7556}") = "MSBuildGraphUI", "MSBuildGraphUI\MSBuildGraphUI.csproj", "{1C2C61EF-C498-406E-A33A-64E6158E6C93}"
EndProject
Global
	GlobalSection(SolutionConfigurationPlatforms) = preSolution
		Debug|Any CPU = Debug|Any CPU
		Debug|x64 = Debug|x64
		Debug|x86 = Debug|x86
		Release|Any CPU = Release|Any CPU
		Release|x64 = Release|x64
		Release|x86 = Release|x86
	EndGlobalSection
	GlobalSection(ProjectConfigurationPlatforms) = postSolution
		{233250FA-3839-4917-8D5B-04EAE343031D}.Debug|Any CPU.ActiveCfg = Debug|Any CPU
		{233250FA-3839-4917-8D5B-04EAE343031D}.Debug|Any CPU.Build.0 = Debug|Any CPU
		{233250FA-3839-4917-8D5B-04EAE343031D}.Debug|x64.ActiveCfg = Debug|Any CPU
		{233250FA-3839-4917-8D5B-04EAE343031D}.Debug|x64.Build.0 = Debug|Any CPU
		{233250FA-3839-4917-8D5B-04EAE343031D}.Debug|x86.ActiveCfg = Debug|Any CPU
		{233250FA-3839-4917-8D5B-04EAE343031D}.Debug|x86.Build.0 = Debug|Any CPU
		{233250FA-3839-4917-8D5B-04EAE343031D}.Release|Any CPU.ActiveCfg = Release|Any CPU
		{233250FA-3839-4917-8D5B-04EAE343031D}.Release|Any CPU.Build.0 = Release|Any CPU
		{233250FA-3839-4917-8D5B-04EAE343031D}.Release|x64.ActiveCfg = Release|Any CPU
		{233250FA-3839-4917-8D5B-04EAE343031D}.Release|x64.Build.0 = Release|Any CPU
		{233250FA-3839-4917-8D5B-04EAE343031D}.Release|x86.ActiveCfg = Release|Any CPU
		{233250FA-3839-4917-8D5B-04EAE343031D}.Release|x86.Build.0 = Release|Any CPU
		{FB05702A-0B72-4098-BF89-8CF440FE8E21}.Debug|Any CPU.ActiveCfg = Debug|Any CPU
		{FB05702A-0B72-4098-BF89-8CF440FE8E21}.Debug|Any CPU.Build.0 = Debug|Any CPU
		{FB05702A-0B72-4098-BF89-8CF440FE8E21}.Debug|x64.ActiveCfg = Debug|Any CPU
		{FB05702A-0B72-4098-BF89-8CF440FE8E21}.Debug|x64.Build.0 = Debug|Any CPU
		{FB05702A-0B72-4098-BF89-8CF440FE8E21}.Debug|x86.ActiveCfg = Debug|Any CPU
		{FB05702A-0B72-4098-BF89-8CF440FE8E21}.Debug|x86.Build.0 = Debug|Any CPU
		{FB05702A-0B72-4098-BF89-8CF440FE8E21}.Release|Any CPU.ActiveCfg = Release|Any CPU
		{FB05702A-0B72-4098-BF89-8CF440FE8E21}.Release|Any CPU.Build.0 = Release|Any CPU
		{FB05702A-0B72-4098-BF89-8CF440FE8E21}.Release|x64.ActiveCfg = Release|Any CPU
		{FB05702A-0B72-4098-BF89-8CF440FE8E21}.Release|x64.Build.0 = Release|Any CPU
		{FB05702A-0B72-4098-BF89-8CF440FE8E21}.Release|x86.ActiveCfg = Release|Any CPU
		{FB05702A-0B72-4098-BF89-8CF440FE8E21}.Release|x86.Build.0 = Release|Any CPU
		{1C2C61EF-C498-406E-A33A-64E6158E6C93}.Debug|Any CPU.ActiveCfg = Debug|Any CPU
		{1C2C61EF-C498-406E-A33A-64E6158E6C93}.Debug|Any CPU.Build.0 = Debug|Any CPU
		{1C2C61EF-C498-406E-A33A-64E6158E6C93}.Debug|x64.ActiveCfg = Debug|Any CPU
		{1C2C61EF-C498-406E-A33A-64E6158E6C93}.Debug|x64.Build.0 = Debug|Any CPU
		{1C2C61EF-C498-406E-A33A-64E6158E6C93}.Debug|x86.ActiveCfg = Debug|Any CPU
		{1C2C61EF-C498-406E-A33A-64E6158E6C93}.Debug|x86.Build.0 = Debug|Any CPU
		{1C2C61EF-C498-406E-A33A-64E6158E6C93}.Release|Any CPU.ActiveCfg = Release|Any CPU
		{1C2C61EF-C498-406E-A33A-64E6158E6C93}.Release|Any CPU.Build.0 = Release|Any CPU
		{1C2C61EF-C498-406E-A33A-64E6158E6C93}.Release|x64.ActiveCfg = Release|Any CPU
		{1C2C61EF-C498-406E-A33A-64E6158E6C93}.Release|x64.Build.0 = Release|Any CPU
		{1C2C61EF-C498-406E-A33A-64E6158E6C93}.Release|x86.ActiveCfg = Release|Any CPU
		{1C2C61EF-C498-406E-A33A-64E6158E6C93}.Release|x86.Build.0 = Release|Any CPU
	EndGlobalSection
	GlobalSection(SolutionProperties) = preSolution
		HideSolutionNode = FALSE
	EndGlobalSection
	GlobalSection(ExtensibilityGlobals) = postSolution
		SolutionGuid = {8BED6072-38DC-4AA7-BBB5-89BB7285C0E2}
	EndGlobalSection
EndGlobal
